{
  "version": "v1",
  "packages": {
    "@hemes/core": {
      "signature": "0050f6e3eaaf0af9314b2133becc1708",
      "file": true,
      "replaced": "^0.0.1-next.3"
    },
    "@hemes/iqoption": {
      "signature": "79071090b2b0e22c43be563223613637",
      "file": true,
      "replaced": "^0.0.1-next.3"
    }
  }
}