{
  "version": "v1",
  "packages": {
    "@hemes/core": {
      "signature": "0050f6e3eaaf0af9314b2133becc1708",
      "file": true,
      "replaced": "^0.0.1-next.3"
    },
    "@hemes/iqoption": {
      "signature": "a12c427ce54e8d258bedb8a4ddc8dfb2",
      "file": true,
      "replaced": "^0.0.1-next.3"
    }
  }
}