{
  "version": "v1",
  "packages": {
    "@hemes/core": {
      "signature": "0050f6e3eaaf0af9314b2133becc1708",
      "file": true,
      "replaced": "^0.0.1-next.3"
    },
    "@hemes/iqoption": {
      "signature": "63822e73b781a6538f749622388c6ae4",
      "file": true,
      "replaced": "^0.0.1-next.3"
    }
  }
}